// !$*UTF8*$!
{
	archiveVersion = 1;
	classes = {
	};
	objectVersion = 56;
	objects = {

/* Begin PBXBuildFile section */
		892BE20C296F0C2600A3F64E /* RoundedCornersLabel.swift in Sources */ = {isa = PBXBuildFile; fileRef = 892BE20B296F0C2600A3F64E /* RoundedCornersLabel.swift */; };
		892E892D296D82C9004FE34F /* Abilities.swift in Sources */ = {isa = PBXBuildFile; fileRef = 892E892C296D82C9004FE34F /* Abilities.swift */; };
		8940F2372962DB9600AC4EEB /* AppDelegate.swift in Sources */ = {isa = PBXBuildFile; fileRef = 8940F2362962DB9600AC4EEB /* AppDelegate.swift */; };
		8940F2392962DB9600AC4EEB /* SceneDelegate.swift in Sources */ = {isa = PBXBuildFile; fileRef = 8940F2382962DB9600AC4EEB /* SceneDelegate.swift */; };
		8940F23B2962DB9600AC4EEB /* PokeDexController.swift in Sources */ = {isa = PBXBuildFile; fileRef = 8940F23A2962DB9600AC4EEB /* PokeDexController.swift */; };
		8940F23E2962DB9600AC4EEB /* Main.storyboard in Resources */ = {isa = PBXBuildFile; fileRef = 8940F23C2962DB9600AC4EEB /* Main.storyboard */; };
		8940F2412962DB9600AC4EEB /* BroDex.xcdatamodeld in Sources */ = {isa = PBXBuildFile; fileRef = 8940F23F2962DB9600AC4EEB /* BroDex.xcdatamodeld */; };
		8940F2432962DB9800AC4EEB /* Assets.xcassets in Resources */ = {isa = PBXBuildFile; fileRef = 8940F2422962DB9800AC4EEB /* Assets.xcassets */; };
		8940F2462962DB9800AC4EEB /* LaunchScreen.storyboard in Resources */ = {isa = PBXBuildFile; fileRef = 8940F2442962DB9800AC4EEB /* LaunchScreen.storyboard */; };
		8940F24E2962F58200AC4EEB /* ItemDexController.swift in Sources */ = {isa = PBXBuildFile; fileRef = 8940F24D2962F58200AC4EEB /* ItemDexController.swift */; };
		8940F2502962F5A800AC4EEB /* TypeDexController.swift in Sources */ = {isa = PBXBuildFile; fileRef = 8940F24F2962F5A800AC4EEB /* TypeDexController.swift */; };
		8940F2522962F5C700AC4EEB /* DmgCalcController.swift in Sources */ = {isa = PBXBuildFile; fileRef = 8940F2512962F5C700AC4EEB /* DmgCalcController.swift */; };
		8940F2572962F96100AC4EEB /* List.swift in Sources */ = {isa = PBXBuildFile; fileRef = 8940F2562962F96100AC4EEB /* List.swift */; };
		8940F259296302DC00AC4EEB /* FetchData.swift in Sources */ = {isa = PBXBuildFile; fileRef = 8940F258296302DC00AC4EEB /* FetchData.swift */; };
		8940F25C2963081F00AC4EEB /* SDWebImage in Frameworks */ = {isa = PBXBuildFile; productRef = 8940F25B2963081F00AC4EEB /* SDWebImage */; };
		8940F25E29630C9D00AC4EEB /* PokeTVCell.swift in Sources */ = {isa = PBXBuildFile; fileRef = 8940F25D29630C9D00AC4EEB /* PokeTVCell.swift */; };
		8940F261296312B900AC4EEB /* ItemTVCell.swift in Sources */ = {isa = PBXBuildFile; fileRef = 8940F260296312B900AC4EEB /* ItemTVCell.swift */; };
		895D4F13297EC5FF00575A55 /* ItemDetailVC.swift in Sources */ = {isa = PBXBuildFile; fileRef = 895D4F12297EC5FF00575A55 /* ItemDetailVC.swift */; };
		8986B8D7297FF1F6003E367A /* Move.swift in Sources */ = {isa = PBXBuildFile; fileRef = 8986B8D6297FF1F6003E367A /* Move.swift */; };
		8986B8D9298008C8003E367A /* DataManager.swift in Sources */ = {isa = PBXBuildFile; fileRef = 8986B8D8298008C8003E367A /* DataManager.swift */; };
		8986B8DB29801949003E367A /* setGradientBG.swift in Sources */ = {isa = PBXBuildFile; fileRef = 8986B8DA29801949003E367A /* setGradientBG.swift */; };
		8986B8DD298031DC003E367A /* MoveTVCell.swift in Sources */ = {isa = PBXBuildFile; fileRef = 8986B8DC298031DC003E367A /* MoveTVCell.swift */; };
		89893AB62966E16C0008B013 /* PokemonDetailVC.swift in Sources */ = {isa = PBXBuildFile; fileRef = 89893AB52966E16C0008B013 /* PokemonDetailVC.swift */; };
		89C8F57A296A74D000A6F5DD /* Translator.swift in Sources */ = {isa = PBXBuildFile; fileRef = 89C8F579296A74D000A6F5DD /* Translator.swift */; };
		89C8F57C296B206E00A6F5DD /* Item.swift in Sources */ = {isa = PBXBuildFile; fileRef = 89C8F57B296B206D00A6F5DD /* Item.swift */; };
		89DF00B9296453350058B329 /* Pokemon.swift in Sources */ = {isa = PBXBuildFile; fileRef = 89DF00B8296453350058B329 /* Pokemon.swift */; };
		89EC3735297A9EC200D405C8 /* TabBarController.swift in Sources */ = {isa = PBXBuildFile; fileRef = 89EC3734297A9EC100D405C8 /* TabBarController.swift */; };
		89EC3737297AB1A000D405C8 /* AttackDetailVC.swift in Sources */ = {isa = PBXBuildFile; fileRef = 89EC3736297AB1A000D405C8 /* AttackDetailVC.swift */; };
		89EC3739297AB25800D405C8 /* EvolveDetailVC.swift in Sources */ = {isa = PBXBuildFile; fileRef = 89EC3738297AB25800D405C8 /* EvolveDetailVC.swift */; };
/* End PBXBuildFile section */

/* Begin PBXFileReference section */
		892BE20B296F0C2600A3F64E /* RoundedCornersLabel.swift */ = {isa = PBXFileReference; lastKnownFileType = sourcecode.swift; path = RoundedCornersLabel.swift; sourceTree = "<group>"; };
		892E892C296D82C9004FE34F /* Abilities.swift */ = {isa = PBXFileReference; lastKnownFileType = sourcecode.swift; path = Abilities.swift; sourceTree = "<group>"; };
		8940F2332962DB9600AC4EEB /* BroDex.app */ = {isa = PBXFileReference; explicitFileType = wrapper.application; includeInIndex = 0; path = BroDex.app; sourceTree = BUILT_PRODUCTS_DIR; };
		8940F2362962DB9600AC4EEB /* AppDelegate.swift */ = {isa = PBXFileReference; lastKnownFileType = sourcecode.swift; path = AppDelegate.swift; sourceTree = "<group>"; };
		8940F2382962DB9600AC4EEB /* SceneDelegate.swift */ = {isa = PBXFileReference; lastKnownFileType = sourcecode.swift; path = SceneDelegate.swift; sourceTree = "<group>"; };
		8940F23A2962DB9600AC4EEB /* PokeDexController.swift */ = {isa = PBXFileReference; lastKnownFileType = sourcecode.swift; path = PokeDexController.swift; sourceTree = "<group>"; };
		8940F23D2962DB9600AC4EEB /* Base */ = {isa = PBXFileReference; lastKnownFileType = file.storyboard; name = Base; path = Base.lproj/Main.storyboard; sourceTree = "<group>"; };
		8940F2402962DB9600AC4EEB /* BroDex.xcdatamodel */ = {isa = PBXFileReference; lastKnownFileType = wrapper.xcdatamodel; path = BroDex.xcdatamodel; sourceTree = "<group>"; };
		8940F2422962DB9800AC4EEB /* Assets.xcassets */ = {isa = PBXFileReference; lastKnownFileType = folder.assetcatalog; path = Assets.xcassets; sourceTree = "<group>"; };
		8940F2452962DB9800AC4EEB /* Base */ = {isa = PBXFileReference; lastKnownFileType = file.storyboard; name = Base; path = Base.lproj/LaunchScreen.storyboard; sourceTree = "<group>"; };
		8940F2472962DB9800AC4EEB /* Info.plist */ = {isa = PBXFileReference; lastKnownFileType = text.plist.xml; path = Info.plist; sourceTree = "<group>"; };
		8940F24D2962F58200AC4EEB /* ItemDexController.swift */ = {isa = PBXFileReference; lastKnownFileType = sourcecode.swift; path = ItemDexController.swift; sourceTree = "<group>"; };
		8940F24F2962F5A800AC4EEB /* TypeDexController.swift */ = {isa = PBXFileReference; lastKnownFileType = sourcecode.swift; path = TypeDexController.swift; sourceTree = "<group>"; };
		8940F2512962F5C700AC4EEB /* DmgCalcController.swift */ = {isa = PBXFileReference; lastKnownFileType = sourcecode.swift; path = DmgCalcController.swift; sourceTree = "<group>"; };
		8940F2562962F96100AC4EEB /* List.swift */ = {isa = PBXFileReference; lastKnownFileType = sourcecode.swift; path = List.swift; sourceTree = "<group>"; };
		8940F258296302DC00AC4EEB /* FetchData.swift */ = {isa = PBXFileReference; lastKnownFileType = sourcecode.swift; path = FetchData.swift; sourceTree = "<group>"; };
		8940F25D29630C9D00AC4EEB /* PokeTVCell.swift */ = {isa = PBXFileReference; lastKnownFileType = sourcecode.swift; path = PokeTVCell.swift; sourceTree = "<group>"; };
		8940F260296312B900AC4EEB /* ItemTVCell.swift */ = {isa = PBXFileReference; lastKnownFileType = sourcecode.swift; path = ItemTVCell.swift; sourceTree = "<group>"; };
		895D4F12297EC5FF00575A55 /* ItemDetailVC.swift */ = {isa = PBXFileReference; lastKnownFileType = sourcecode.swift; path = ItemDetailVC.swift; sourceTree = "<group>"; };
		8986B8D6297FF1F6003E367A /* Move.swift */ = {isa = PBXFileReference; lastKnownFileType = sourcecode.swift; path = Move.swift; sourceTree = "<group>"; };
		8986B8D8298008C8003E367A /* DataManager.swift */ = {isa = PBXFileReference; lastKnownFileType = sourcecode.swift; path = DataManager.swift; sourceTree = "<group>"; };
		8986B8DA29801949003E367A /* setGradientBG.swift */ = {isa = PBXFileReference; lastKnownFileType = sourcecode.swift; path = setGradientBG.swift; sourceTree = "<group>"; };
		8986B8DC298031DC003E367A /* MoveTVCell.swift */ = {isa = PBXFileReference; lastKnownFileType = sourcecode.swift; path = MoveTVCell.swift; sourceTree = "<group>"; };
		89893AB52966E16C0008B013 /* PokemonDetailVC.swift */ = {isa = PBXFileReference; lastKnownFileType = sourcecode.swift; path = PokemonDetailVC.swift; sourceTree = "<group>"; };
		89C8F579296A74D000A6F5DD /* Translator.swift */ = {isa = PBXFileReference; lastKnownFileType = sourcecode.swift; path = Translator.swift; sourceTree = "<group>"; };
		89C8F57B296B206D00A6F5DD /* Item.swift */ = {isa = PBXFileReference; lastKnownFileType = sourcecode.swift; path = Item.swift; sourceTree = "<group>"; };
		89DF00B8296453350058B329 /* Pokemon.swift */ = {isa = PBXFileReference; lastKnownFileType = sourcecode.swift; path = Pokemon.swift; sourceTree = "<group>"; };
		89EC3734297A9EC100D405C8 /* TabBarController.swift */ = {isa = PBXFileReference; lastKnownFileType = sourcecode.swift; path = TabBarController.swift; sourceTree = "<group>"; };
		89EC3736297AB1A000D405C8 /* AttackDetailVC.swift */ = {isa = PBXFileReference; lastKnownFileType = sourcecode.swift; path = AttackDetailVC.swift; sourceTree = "<group>"; };
		89EC3738297AB25800D405C8 /* EvolveDetailVC.swift */ = {isa = PBXFileReference; lastKnownFileType = sourcecode.swift; path = EvolveDetailVC.swift; sourceTree = "<group>"; };
/* End PBXFileReference section */

/* Begin PBXFrameworksBuildPhase section */
		8940F2302962DB9600AC4EEB /* Frameworks */ = {
			isa = PBXFrameworksBuildPhase;
			buildActionMask = 2147483647;
			files = (
				8940F25C2963081F00AC4EEB /* SDWebImage in Frameworks */,
			);
			runOnlyForDeploymentPostprocessing = 0;
		};
/* End PBXFrameworksBuildPhase section */

/* Begin PBXGroup section */
		8940F22A2962DB9600AC4EEB = {
			isa = PBXGroup;
			children = (
				8940F2352962DB9600AC4EEB /* BroDex */,
				8940F2342962DB9600AC4EEB /* Products */,
			);
			sourceTree = "<group>";
		};
		8940F2342962DB9600AC4EEB /* Products */ = {
			isa = PBXGroup;
			children = (
				8940F2332962DB9600AC4EEB /* BroDex.app */,
			);
			name = Products;
			sourceTree = "<group>";
		};
		8940F2352962DB9600AC4EEB /* BroDex */ = {
			isa = PBXGroup;
			children = (
				8940F2362962DB9600AC4EEB /* AppDelegate.swift */,
				8940F2382962DB9600AC4EEB /* SceneDelegate.swift */,
				89C8F579296A74D000A6F5DD /* Translator.swift */,
				8986B8D8298008C8003E367A /* DataManager.swift */,
				892BE20B296F0C2600A3F64E /* RoundedCornersLabel.swift */,
				8986B8DA29801949003E367A /* setGradientBG.swift */,
				89DF00BA2964755F0058B329 /* ApiCalls */,
				8940F2552962F64F00AC4EEB /* Models */,
				8940F25F29630CA900AC4EEB /* Cells */,
				8940F2532962F60500AC4EEB /* Controllers */,
				8940F2542962F62200AC4EEB /* Views */,
				8940F2422962DB9800AC4EEB /* Assets.xcassets */,
				8940F2472962DB9800AC4EEB /* Info.plist */,
				8940F23F2962DB9600AC4EEB /* BroDex.xcdatamodeld */,
			);
			path = BroDex;
			sourceTree = "<group>";
		};
		8940F2532962F60500AC4EEB /* Controllers */ = {
			isa = PBXGroup;
			children = (
				89893AB42966DADB0008B013 /* MainTabControllers */,
				89A355332979527A004A1F49 /* DetailTabControllers */,
			);
			path = Controllers;
			sourceTree = "<group>";
		};
		8940F2542962F62200AC4EEB /* Views */ = {
			isa = PBXGroup;
			children = (
				8940F23C2962DB9600AC4EEB /* Main.storyboard */,
				8940F2442962DB9800AC4EEB /* LaunchScreen.storyboard */,
			);
			path = Views;
			sourceTree = "<group>";
		};
		8940F2552962F64F00AC4EEB /* Models */ = {
			isa = PBXGroup;
			children = (
				8940F2562962F96100AC4EEB /* List.swift */,
				89DF00B8296453350058B329 /* Pokemon.swift */,
				89C8F57B296B206D00A6F5DD /* Item.swift */,
				892E892C296D82C9004FE34F /* Abilities.swift */,
				8986B8D6297FF1F6003E367A /* Move.swift */,
			);
			path = Models;
			sourceTree = "<group>";
		};
		8940F25F29630CA900AC4EEB /* Cells */ = {
			isa = PBXGroup;
			children = (
				8940F25D29630C9D00AC4EEB /* PokeTVCell.swift */,
				8940F260296312B900AC4EEB /* ItemTVCell.swift */,
				8986B8DC298031DC003E367A /* MoveTVCell.swift */,
			);
			path = Cells;
			sourceTree = "<group>";
		};
		895D4F14297EE05E00575A55 /* PokemonTabControllers */ = {
			isa = PBXGroup;
			children = (
				89EC3734297A9EC100D405C8 /* TabBarController.swift */,
				89893AB52966E16C0008B013 /* PokemonDetailVC.swift */,
				89EC3736297AB1A000D405C8 /* AttackDetailVC.swift */,
				89EC3738297AB25800D405C8 /* EvolveDetailVC.swift */,
			);
			path = PokemonTabControllers;
			sourceTree = "<group>";
		};
		89893AB42966DADB0008B013 /* MainTabControllers */ = {
			isa = PBXGroup;
			children = (
				8940F23A2962DB9600AC4EEB /* PokeDexController.swift */,
				8940F24D2962F58200AC4EEB /* ItemDexController.swift */,
				8940F24F2962F5A800AC4EEB /* TypeDexController.swift */,
				8940F2512962F5C700AC4EEB /* DmgCalcController.swift */,
			);
			path = MainTabControllers;
			sourceTree = "<group>";
		};
		89A355332979527A004A1F49 /* DetailTabControllers */ = {
			isa = PBXGroup;
			children = (
				895D4F14297EE05E00575A55 /* PokemonTabControllers */,
				895D4F12297EC5FF00575A55 /* ItemDetailVC.swift */,
			);
			path = DetailTabControllers;
			sourceTree = "<group>";
		};
		89DF00BA2964755F0058B329 /* ApiCalls */ = {
			isa = PBXGroup;
			children = (
				8940F258296302DC00AC4EEB /* FetchData.swift */,
			);
			path = ApiCalls;
			sourceTree = "<group>";
		};
/* End PBXGroup section */

/* Begin PBXNativeTarget section */
		8940F2322962DB9600AC4EEB /* BroDex */ = {
			isa = PBXNativeTarget;
			buildConfigurationList = 8940F24A2962DB9800AC4EEB /* Build configuration list for PBXNativeTarget "BroDex" */;
			buildPhases = (
				8940F22F2962DB9600AC4EEB /* Sources */,
				8940F2302962DB9600AC4EEB /* Frameworks */,
				8940F2312962DB9600AC4EEB /* Resources */,
			);
			buildRules = (
			);
			dependencies = (
			);
			name = BroDex;
			packageProductDependencies = (
				8940F25B2963081F00AC4EEB /* SDWebImage */,
			);
			productName = BroDex;
			productReference = 8940F2332962DB9600AC4EEB /* BroDex.app */;
			productType = "com.apple.product-type.application";
		};
/* End PBXNativeTarget section */

/* Begin PBXProject section */
		8940F22B2962DB9600AC4EEB /* Project object */ = {
			isa = PBXProject;
			attributes = {
				BuildIndependentTargetsInParallel = 1;
				LastSwiftUpdateCheck = 1420;
				LastUpgradeCheck = 1420;
				TargetAttributes = {
					8940F2322962DB9600AC4EEB = {
						CreatedOnToolsVersion = 14.2;
					};
				};
			};
			buildConfigurationList = 8940F22E2962DB9600AC4EEB /* Build configuration list for PBXProject "BroDex" */;
			compatibilityVersion = "Xcode 14.0";
			developmentRegion = en;
			hasScannedForEncodings = 0;
			knownRegions = (
				en,
				Base,
			);
			mainGroup = 8940F22A2962DB9600AC4EEB;
			packageReferences = (
				8940F25A2963081F00AC4EEB /* XCRemoteSwiftPackageReference "SDWebImage" */,
			);
			productRefGroup = 8940F2342962DB9600AC4EEB /* Products */;
			projectDirPath = "";
			projectRoot = "";
			targets = (
				8940F2322962DB9600AC4EEB /* BroDex */,
			);
		};
/* End PBXProject section */

/* Begin PBXResourcesBuildPhase section */
		8940F2312962DB9600AC4EEB /* Resources */ = {
			isa = PBXResourcesBuildPhase;
			buildActionMask = 2147483647;
			files = (
				8940F2462962DB9800AC4EEB /* LaunchScreen.storyboard in Resources */,
				8940F2432962DB9800AC4EEB /* Assets.xcassets in Resources */,
				8940F23E2962DB9600AC4EEB /* Main.storyboard in Resources */,
			);
			runOnlyForDeploymentPostprocessing = 0;
		};
/* End PBXResourcesBuildPhase section */

/* Begin PBXSourcesBuildPhase section */
		8940F22F2962DB9600AC4EEB /* Sources */ = {
			isa = PBXSourcesBuildPhase;
			buildActionMask = 2147483647;
			files = (
				89EC3739297AB25800D405C8 /* EvolveDetailVC.swift in Sources */,
				892E892D296D82C9004FE34F /* Abilities.swift in Sources */,
				8940F23B2962DB9600AC4EEB /* PokeDexController.swift in Sources */,
				89C8F57C296B206E00A6F5DD /* Item.swift in Sources */,
				89EC3735297A9EC200D405C8 /* TabBarController.swift in Sources */,
				8986B8DD298031DC003E367A /* MoveTVCell.swift in Sources */,
				8986B8D9298008C8003E367A /* DataManager.swift in Sources */,
				8940F2572962F96100AC4EEB /* List.swift in Sources */,
				8940F24E2962F58200AC4EEB /* ItemDexController.swift in Sources */,
				89EC3737297AB1A000D405C8 /* AttackDetailVC.swift in Sources */,
				8940F2372962DB9600AC4EEB /* AppDelegate.swift in Sources */,
				8940F261296312B900AC4EEB /* ItemTVCell.swift in Sources */,
				8986B8D7297FF1F6003E367A /* Move.swift in Sources */,
				895D4F13297EC5FF00575A55 /* ItemDetailVC.swift in Sources */,
				89DF00B9296453350058B329 /* Pokemon.swift in Sources */,
				892BE20C296F0C2600A3F64E /* RoundedCornersLabel.swift in Sources */,
				8940F25E29630C9D00AC4EEB /* PokeTVCell.swift in Sources */,
				89893AB62966E16C0008B013 /* PokemonDetailVC.swift in Sources */,
				8986B8DB29801949003E367A /* setGradientBG.swift in Sources */,
				8940F2392962DB9600AC4EEB /* SceneDelegate.swift in Sources */,
				8940F2522962F5C700AC4EEB /* DmgCalcController.swift in Sources */,
				8940F2412962DB9600AC4EEB /* BroDex.xcdatamodeld in Sources */,
				8940F259296302DC00AC4EEB /* FetchData.swift in Sources */,
				8940F2502962F5A800AC4EEB /* TypeDexController.swift in Sources */,
				89C8F57A296A74D000A6F5DD /* Translator.swift in Sources */,
			);
			runOnlyForDeploymentPostprocessing = 0;
		};
/* End PBXSourcesBuildPhase section */

/* Begin PBXVariantGroup section */
		8940F23C2962DB9600AC4EEB /* Main.storyboard */ = {
			isa = PBXVariantGroup;
			children = (
				8940F23D2962DB9600AC4EEB /* Base */,
			);
			name = Main.storyboard;
			sourceTree = "<group>";
		};
		8940F2442962DB9800AC4EEB /* LaunchScreen.storyboard */ = {
			isa = PBXVariantGroup;
			children = (
				8940F2452962DB9800AC4EEB /* Base */,
			);
			name = LaunchScreen.storyboard;
			sourceTree = "<group>";
		};
/* End PBXVariantGroup section */

/* Begin XCBuildConfiguration section */
		8940F2482962DB9800AC4EEB /* Debug */ = {
			isa = XCBuildConfiguration;
			buildSettings = {
				ALWAYS_SEARCH_USER_PATHS = NO;
				CLANG_ANALYZER_NONNULL = YES;
				CLANG_ANALYZER_NUMBER_OBJECT_CONVERSION = YES_AGGRESSIVE;
				CLANG_CXX_LANGUAGE_STANDARD = "gnu++20";
				CLANG_ENABLE_MODULES = YES;
				CLANG_ENABLE_OBJC_ARC = YES;
				CLANG_ENABLE_OBJC_WEAK = YES;
				CLANG_WARN_BLOCK_CAPTURE_AUTORELEASING = YES;
				CLANG_WARN_BOOL_CONVERSION = YES;
				CLANG_WARN_COMMA = YES;
				CLANG_WARN_CONSTANT_CONVERSION = YES;
				CLANG_WARN_DEPRECATED_OBJC_IMPLEMENTATIONS = YES;
				CLANG_WARN_DIRECT_OBJC_ISA_USAGE = YES_ERROR;
				CLANG_WARN_DOCUMENTATION_COMMENTS = YES;
				CLANG_WARN_EMPTY_BODY = YES;
				CLANG_WARN_ENUM_CONVERSION = YES;
				CLANG_WARN_INFINITE_RECURSION = YES;
				CLANG_WARN_INT_CONVERSION = YES;
				CLANG_WARN_NON_LITERAL_NULL_CONVERSION = YES;
				CLANG_WARN_OBJC_IMPLICIT_RETAIN_SELF = YES;
				CLANG_WARN_OBJC_LITERAL_CONVERSION = YES;
				CLANG_WARN_OBJC_ROOT_CLASS = YES_ERROR;
				CLANG_WARN_QUOTED_INCLUDE_IN_FRAMEWORK_HEADER = YES;
				CLANG_WARN_RANGE_LOOP_ANALYSIS = YES;
				CLANG_WARN_STRICT_PROTOTYPES = YES;
				CLANG_WARN_SUSPICIOUS_MOVE = YES;
				CLANG_WARN_UNGUARDED_AVAILABILITY = YES_AGGRESSIVE;
				CLANG_WARN_UNREACHABLE_CODE = YES;
				CLANG_WARN__DUPLICATE_METHOD_MATCH = YES;
				COPY_PHASE_STRIP = NO;
				DEBUG_INFORMATION_FORMAT = dwarf;
				ENABLE_STRICT_OBJC_MSGSEND = YES;
				ENABLE_TESTABILITY = YES;
				GCC_C_LANGUAGE_STANDARD = gnu11;
				GCC_DYNAMIC_NO_PIC = NO;
				GCC_NO_COMMON_BLOCKS = YES;
				GCC_OPTIMIZATION_LEVEL = 0;
				GCC_PREPROCESSOR_DEFINITIONS = (
					"DEBUG=1",
					"$(inherited)",
				);
				GCC_WARN_64_TO_32_BIT_CONVERSION = YES;
				GCC_WARN_ABOUT_RETURN_TYPE = YES_ERROR;
				GCC_WARN_UNDECLARED_SELECTOR = YES;
				GCC_WARN_UNINITIALIZED_AUTOS = YES_AGGRESSIVE;
				GCC_WARN_UNUSED_FUNCTION = YES;
				GCC_WARN_UNUSED_VARIABLE = YES;
				IPHONEOS_DEPLOYMENT_TARGET = 16.2;
				MTL_ENABLE_DEBUG_INFO = INCLUDE_SOURCE;
				MTL_FAST_MATH = YES;
				ONLY_ACTIVE_ARCH = YES;
				SDKROOT = iphoneos;
				SWIFT_ACTIVE_COMPILATION_CONDITIONS = DEBUG;
				SWIFT_OPTIMIZATION_LEVEL = "-Onone";
			};
			name = Debug;
		};
		8940F2492962DB9800AC4EEB /* Release */ = {
			isa = XCBuildConfiguration;
			buildSettings = {
				ALWAYS_SEARCH_USER_PATHS = NO;
				CLANG_ANALYZER_NONNULL = YES;
				CLANG_ANALYZER_NUMBER_OBJECT_CONVERSION = YES_AGGRESSIVE;
				CLANG_CXX_LANGUAGE_STANDARD = "gnu++20";
				CLANG_ENABLE_MODULES = YES;
				CLANG_ENABLE_OBJC_ARC = YES;
				CLANG_ENABLE_OBJC_WEAK = YES;
				CLANG_WARN_BLOCK_CAPTURE_AUTORELEASING = YES;
				CLANG_WARN_BOOL_CONVERSION = YES;
				CLANG_WARN_COMMA = YES;
				CLANG_WARN_CONSTANT_CONVERSION = YES;
				CLANG_WARN_DEPRECATED_OBJC_IMPLEMENTATIONS = YES;
				CLANG_WARN_DIRECT_OBJC_ISA_USAGE = YES_ERROR;
				CLANG_WARN_DOCUMENTATION_COMMENTS = YES;
				CLANG_WARN_EMPTY_BODY = YES;
				CLANG_WARN_ENUM_CONVERSION = YES;
				CLANG_WARN_INFINITE_RECURSION = YES;
				CLANG_WARN_INT_CONVERSION = YES;
				CLANG_WARN_NON_LITERAL_NULL_CONVERSION = YES;
				CLANG_WARN_OBJC_IMPLICIT_RETAIN_SELF = YES;
				CLANG_WARN_OBJC_LITERAL_CONVERSION = YES;
				CLANG_WARN_OBJC_ROOT_CLASS = YES_ERROR;
				CLANG_WARN_QUOTED_INCLUDE_IN_FRAMEWORK_HEADER = YES;
				CLANG_WARN_RANGE_LOOP_ANALYSIS = YES;
				CLANG_WARN_STRICT_PROTOTYPES = YES;
				CLANG_WARN_SUSPICIOUS_MOVE = YES;
				CLANG_WARN_UNGUARDED_AVAILABILITY = YES_AGGRESSIVE;
				CLANG_WARN_UNREACHABLE_CODE = YES;
				CLANG_WARN__DUPLICATE_METHOD_MATCH = YES;
				COPY_PHASE_STRIP = NO;
				DEBUG_INFORMATION_FORMAT = "dwarf-with-dsym";
				ENABLE_NS_ASSERTIONS = NO;
				ENABLE_STRICT_OBJC_MSGSEND = YES;
				GCC_C_LANGUAGE_STANDARD = gnu11;
				GCC_NO_COMMON_BLOCKS = YES;
				GCC_WARN_64_TO_32_BIT_CONVERSION = YES;
				GCC_WARN_ABOUT_RETURN_TYPE = YES_ERROR;
				GCC_WARN_UNDECLARED_SELECTOR = YES;
				GCC_WARN_UNINITIALIZED_AUTOS = YES_AGGRESSIVE;
				GCC_WARN_UNUSED_FUNCTION = YES;
				GCC_WARN_UNUSED_VARIABLE = YES;
				IPHONEOS_DEPLOYMENT_TARGET = 16.2;
				MTL_ENABLE_DEBUG_INFO = NO;
				MTL_FAST_MATH = YES;
				SDKROOT = iphoneos;
				SWIFT_COMPILATION_MODE = wholemodule;
				SWIFT_OPTIMIZATION_LEVEL = "-O";
				VALIDATE_PRODUCT = YES;
			};
			name = Release;
		};
		8940F24B2962DB9800AC4EEB /* Debug */ = {
			isa = XCBuildConfiguration;
			buildSettings = {
				ASSETCATALOG_COMPILER_APPICON_NAME = AppIcon;
				ASSETCATALOG_COMPILER_GLOBAL_ACCENT_COLOR_NAME = AccentColor;
				CODE_SIGN_STYLE = Automatic;
				CURRENT_PROJECT_VERSION = 1;
				DEVELOPMENT_TEAM = 58A829P39P;
				GENERATE_INFOPLIST_FILE = YES;
				INFOPLIST_FILE = BroDex/Info.plist;
				INFOPLIST_KEY_UIApplicationSupportsIndirectInputEvents = YES;
				INFOPLIST_KEY_UILaunchStoryboardName = LaunchScreen;
				INFOPLIST_KEY_UIMainStoryboardFile = Main;
				INFOPLIST_KEY_UISupportedInterfaceOrientations_iPad = "UIInterfaceOrientationPortrait UIInterfaceOrientationPortraitUpsideDown UIInterfaceOrientationLandscapeLeft UIInterfaceOrientationLandscapeRight";
				INFOPLIST_KEY_UISupportedInterfaceOrientations_iPhone = "UIInterfaceOrientationPortrait UIInterfaceOrientationLandscapeLeft UIInterfaceOrientationLandscapeRight";
				LD_RUNPATH_SEARCH_PATHS = (
					"$(inherited)",
					"@executable_path/Frameworks",
				);
				MARKETING_VERSION = 1.0;
				PRODUCT_BUNDLE_IDENTIFIER = com.fab.BroDex;
				PRODUCT_NAME = "$(TARGET_NAME)";
				SWIFT_EMIT_LOC_STRINGS = YES;
				SWIFT_VERSION = 5.0;
				TARGETED_DEVICE_FAMILY = "1,2";
			};
			name = Debug;
		};
		8940F24C2962DB9800AC4EEB /* Release */ = {
			isa = XCBuildConfiguration;
			buildSettings = {
				ASSETCATALOG_COMPILER_APPICON_NAME = AppIcon;
				ASSETCATALOG_COMPILER_GLOBAL_ACCENT_COLOR_NAME = AccentColor;
				CODE_SIGN_STYLE = Automatic;
				CURRENT_PROJECT_VERSION = 1;
				DEVELOPMENT_TEAM = 58A829P39P;
				GENERATE_INFOPLIST_FILE = YES;
				INFOPLIST_FILE = BroDex/Info.plist;
				INFOPLIST_KEY_UIApplicationSupportsIndirectInputEvents = YES;
				INFOPLIST_KEY_UILaunchStoryboardName = LaunchScreen;
				INFOPLIST_KEY_UIMainStoryboardFile = Main;
				INFOPLIST_KEY_UISupportedInterfaceOrientations_iPad = "UIInterfaceOrientationPortrait UIInterfaceOrientationPortraitUpsideDown UIInterfaceOrientationLandscapeLeft UIInterfaceOrientationLandscapeRight";
				INFOPLIST_KEY_UISupportedInterfaceOrientations_iPhone = "UIInterfaceOrientationPortrait UIInterfaceOrientationLandscapeLeft UIInterfaceOrientationLandscapeRight";
				LD_RUNPATH_SEARCH_PATHS = (
					"$(inherited)",
					"@executable_path/Frameworks",
				);
				MARKETING_VERSION = 1.0;
				PRODUCT_BUNDLE_IDENTIFIER = com.fab.BroDex;
				PRODUCT_NAME = "$(TARGET_NAME)";
				SWIFT_EMIT_LOC_STRINGS = YES;
				SWIFT_VERSION = 5.0;
				TARGETED_DEVICE_FAMILY = "1,2";
			};
			name = Release;
		};
/* End XCBuildConfiguration section */

/* Begin XCConfigurationList section */
		8940F22E2962DB9600AC4EEB /* Build configuration list for PBXProject "BroDex" */ = {
			isa = XCConfigurationList;
			buildConfigurations = (
				8940F2482962DB9800AC4EEB /* Debug */,
				8940F2492962DB9800AC4EEB /* Release */,
			);
			defaultConfigurationIsVisible = 0;
			defaultConfigurationName = Release;
		};
		8940F24A2962DB9800AC4EEB /* Build configuration list for PBXNativeTarget "BroDex" */ = {
			isa = XCConfigurationList;
			buildConfigurations = (
				8940F24B2962DB9800AC4EEB /* Debug */,
				8940F24C2962DB9800AC4EEB /* Release */,
			);
			defaultConfigurationIsVisible = 0;
			defaultConfigurationName = Release;
		};
/* End XCConfigurationList section */

/* Begin XCRemoteSwiftPackageReference section */
		8940F25A2963081F00AC4EEB /* XCRemoteSwiftPackageReference "SDWebImage" */ = {
			isa = XCRemoteSwiftPackageReference;
			repositoryURL = "https://github.com/SDWebImage/SDWebImage.git";
			requirement = {
				branch = master;
				kind = branch;
			};
		};
/* End XCRemoteSwiftPackageReference section */

/* Begin XCSwiftPackageProductDependency section */
		8940F25B2963081F00AC4EEB /* SDWebImage */ = {
			isa = XCSwiftPackageProductDependency;
			package = 8940F25A2963081F00AC4EEB /* XCRemoteSwiftPackageReference "SDWebImage" */;
			productName = SDWebImage;
		};
/* End XCSwiftPackageProductDependency section */

/* Begin XCVersionGroup section */
		8940F23F2962DB9600AC4EEB /* BroDex.xcdatamodeld */ = {
			isa = XCVersionGroup;
			children = (
				8940F2402962DB9600AC4EEB /* BroDex.xcdatamodel */,
			);
			currentVersion = 8940F2402962DB9600AC4EEB /* BroDex.xcdatamodel */;
			path = BroDex.xcdatamodeld;
			sourceTree = "<group>";
			versionGroupType = wrapper.xcdatamodel;
		};
/* End XCVersionGroup section */
	};
	rootObject = 8940F22B2962DB9600AC4EEB /* Project object */;
}
